
Microsoft Visual Studio Solution File, Format Version 12.00
Project("{FAE04EC0-301F-11D3-BF4B-00C04F79EFBC}") = "ChessServer", "ChessServer\ChessServer.csproj", "{FB8C246E-54B5-46F4-A93B-EDDFADB97A8E}"
EndProject
Global
	GlobalSection(SolutionConfigurationPlatforms) = preSolution
		Debug|Any CPU = Debug|Any CPU
		Release|Any CPU = Release|Any CPU
	EndGlobalSection
	GlobalSection(ProjectConfigurationPlatforms) = postSolution
		{FB8C246E-54B5-46F4-A93B-EDDFADB97A8E}.Debug|Any CPU.ActiveCfg = Debug|Any CPU
		{FB8C246E-54B5-46F4-A93B-EDDFADB97A8E}.Debug|Any CPU.Build.0 = Debug|Any CPU
		{FB8C246E-54B5-46F4-A93B-EDDFADB97A8E}.Release|Any CPU.ActiveCfg = Release|Any CPU
		{FB8C246E-54B5-46F4-A93B-EDDFADB97A8E}.Release|Any CPU.Build.0 = Release|Any CPU
	EndGlobalSection
EndGlobal
